
Microsoft Visual Studio Solution File, Format Version 12.00
# Visual Studio Version 16
VisualStudioVersion = 16.0.32002.261
MinimumVisualStudioVersion = 10.0.40219.1
Project("{FAE04EC0-301F-11D3-BF4B-00C04F79EFBC}") = "firstProgram", "firstProgram.csproj", "{311F4BFE-28A4-4981-8353-BE64B7654ECA}"
EndProject
Global
	GlobalSection(SolutionConfigurationPlatforms) = preSolution
		Debug|Any CPU = Debug|Any CPU
		Release|Any CPU = Release|Any CPU
	EndGlobalSection
	GlobalSection(ProjectConfigurationPlatforms) = postSolution
		{311F4BFE-28A4-4981-8353-BE64B7654ECA}.Debug|Any CPU.ActiveCfg = Debug|Any CPU
		{311F4BFE-28A4-4981-8353-BE64B7654ECA}.Debug|Any CPU.Build.0 = Debug|Any CPU
		{311F4BFE-28A4-4981-8353-BE64B7654ECA}.Release|Any CPU.ActiveCfg = Release|Any CPU
		{311F4BFE-28A4-4981-8353-BE64B7654ECA}.Release|Any CPU.Build.0 = Release|Any CPU
	EndGlobalSection
	GlobalSection(SolutionProperties) = preSolution
		HideSolutionNode = FALSE
	EndGlobalSection
	GlobalSection(ExtensibilityGlobals) = postSolution
		SolutionGuid = {E82542CD-CD2B-4F23-AC64-F685DAA03FEF}
	EndGlobalSection
EndGlobal
